
Microsoft Visual Studio Solution File, Format Version 12.00
# Visual Studio 2012
Project("{FAE04EC0-301F-11D3-BF4B-00C04F79EFBC}") = "BACP Solution", "BACP Solution\BACP Solution.csproj", "{FFC039B4-CE99-4473-9987-50AAA3369568}"
EndProject
Global
	GlobalSection(SolutionConfigurationPlatforms) = preSolution
		Debug|Any CPU = Debug|Any CPU
		Release|Any CPU = Release|Any CPU
	EndGlobalSection
	GlobalSection(ProjectConfigurationPlatforms) = postSolution
		{FFC039B4-CE99-4473-9987-50AAA3369568}.Debug|Any CPU.ActiveCfg = Debug|Any CPU
		{FFC039B4-CE99-4473-9987-50AAA3369568}.Debug|Any CPU.Build.0 = Debug|Any CPU
		{FFC039B4-CE99-4473-9987-50AAA3369568}.Release|Any CPU.ActiveCfg = Release|Any CPU
		{FFC039B4-CE99-4473-9987-50AAA3369568}.Release|Any CPU.Build.0 = Release|Any CPU
	EndGlobalSection
	GlobalSection(SolutionProperties) = preSolution
		HideSolutionNode = FALSE
	EndGlobalSection
EndGlobal
